
Microsoft Visual Studio Solution File, Format Version 12.00
# Visual Studio Version 17
VisualStudioVersion = 17.14.36310.24 d17.14
MinimumVisualStudioVersion = 10.0.40219.1
Project("{FAE04EC0-301F-11D3-BF4B-00C04F79EFBC}") = "WebMVC", "WebMVC\WebMVC.csproj", "{9B30421B-59FF-40FE-80BE-37050F41C9A8}"
EndProject
Global
	GlobalSection(SolutionConfigurationPlatforms) = preSolution
		Debug|Any CPU = Debug|Any CPU
		Release|Any CPU = Release|Any CPU
	EndGlobalSection
	GlobalSection(ProjectConfigurationPlatforms) = postSolution
		{9B30421B-59FF-40FE-80BE-37050F41C9A8}.Debug|Any CPU.ActiveCfg = Debug|Any CPU
		{9B30421B-59FF-40FE-80BE-37050F41C9A8}.Debug|Any CPU.Build.0 = Debug|Any CPU
		{9B30421B-59FF-40FE-80BE-37050F41C9A8}.Release|Any CPU.ActiveCfg = Release|Any CPU
		{9B30421B-59FF-40FE-80BE-37050F41C9A8}.Release|Any CPU.Build.0 = Release|Any CPU
	EndGlobalSection
	GlobalSection(SolutionProperties) = preSolution
		HideSolutionNode = FALSE
	EndGlobalSection
	GlobalSection(ExtensibilityGlobals) = postSolution
		SolutionGuid = {6D83B9A7-1955-438A-BFC4-A984F9A42652}
	EndGlobalSection
EndGlobal
